{
  "name": "@depinore/wclibrary",
  "version": "1.0.0",
  "lockfileVersion": 2,
  "requires": true,
  "packages": {
    "": {
      "name": "@depinore/wclibrary",
      "version": "1.0.0",
      "license": "ISC",
      "dependencies": {
        "dompurify": "^2.2.8"
      },
      "devDependencies": {
        "typescript": "3.2.2"
      }
    },
    "node_modules/dompurify": {
      "version": "2.2.8",
      "resolved": "https://registry.npmjs.org/dompurify/-/dompurify-2.2.8.tgz",
      "integrity": "sha512-9H0UL59EkDLgY3dUFjLV6IEUaHm5qp3mxSqWw7Yyx4Zhk2Jn2cmLe+CNPP3xy13zl8Bqg+0NehQzkdMoVhGRww=="
    },
    "node_modules/typescript": {
      "version": "3.2.2",
      "resolved": "https://registry.npmjs.org/typescript/-/typescript-3.2.2.tgz",
      "integrity": "sha512-VCj5UiSyHBjwfYacmDuc/NOk4QQixbE+Wn7MFJuS0nRuPQbof132Pw4u53dm264O8LPc2MVsc7RJNml5szurkg==",
      "dev": true,
      "bin": {
        "tsc": "bin/tsc",
        "tsserver": "bin/tsserver"
      },
      "engines": {
        "node": ">=4.2.0"
      }
    }
  },
  "dependencies": {
    "dompurify": {
      "version": "2.2.8",
      "resolved": "https://registry.npmjs.org/dompurify/-/dompurify-2.2.8.tgz",
      "integrity": "sha512-9H0UL59EkDLgY3dUFjLV6IEUaHm5qp3mxSqWw7Yyx4Zhk2Jn2cmLe+CNPP3xy13zl8Bqg+0NehQzkdMoVhGRww=="
    },
    "typescript": {
      "version": "3.2.2",
      "resolved": "https://registry.npmjs.org/typescript/-/typescript-3.2.2.tgz",
      "integrity": "sha512-VCj5UiSyHBjwfYacmDuc/NOk4QQixbE+Wn7MFJuS0nRuPQbof132Pw4u53dm264O8LPc2MVsc7RJNml5szurkg==",
      "dev": true
    }
  }
}
